// !$*UTF8*$!
{
	archiveVersion = 1;
	classes = {
	};
	objectVersion = 46;
	objects = {

/* Begin PBXBuildFile section */
		E8A51E041A78C198004A3E08 /* TableViewController.swift in Sources */ = {isa = PBXBuildFile; fileRef = E8A51E031A78C198004A3E08 /* TableViewController.swift */; };
		E8A51E061A78C296004A3E08 /* AnotherTVC.swift in Sources */ = {isa = PBXBuildFile; fileRef = E8A51E051A78C296004A3E08 /* AnotherTVC.swift */; };
		E8A51E081A78C2E1004A3E08 /* DataSource.swift in Sources */ = {isa = PBXBuildFile; fileRef = E8A51E071A78C2E1004A3E08 /* DataSource.swift */; };
		E8D94FDF1A3E85F00067CEFE /* AppDelegate.swift in Sources */ = {isa = PBXBuildFile; fileRef = E8D94FDE1A3E85F00067CEFE /* AppDelegate.swift */; };
		E8D94FE21A3E85F00067CEFE /* TestGit.xcdatamodeld in Sources */ = {isa = PBXBuildFile; fileRef = E8D94FE01A3E85F00067CEFE /* TestGit.xcdatamodeld */; };
		E8D94FE41A3E85F00067CEFE /* ViewController.swift in Sources */ = {isa = PBXBuildFile; fileRef = E8D94FE31A3E85F00067CEFE /* ViewController.swift */; };
		E8D94FE71A3E85F00067CEFE /* Main.storyboard in Resources */ = {isa = PBXBuildFile; fileRef = E8D94FE51A3E85F00067CEFE /* Main.storyboard */; };
		E8D94FE91A3E85F00067CEFE /* Images.xcassets in Resources */ = {isa = PBXBuildFile; fileRef = E8D94FE81A3E85F00067CEFE /* Images.xcassets */; };
		E8D94FEC1A3E85F00067CEFE /* LaunchScreen.xib in Resources */ = {isa = PBXBuildFile; fileRef = E8D94FEA1A3E85F00067CEFE /* LaunchScreen.xib */; };
		E8D94FF81A3E85F00067CEFE /* TestGitTests.swift in Sources */ = {isa = PBXBuildFile; fileRef = E8D94FF71A3E85F00067CEFE /* TestGitTests.swift */; };
		E8D950021A3E86600067CEFE /* TitleInserter.swift in Sources */ = {isa = PBXBuildFile; fileRef = E8D950011A3E86600067CEFE /* TitleInserter.swift */; };
		E8D950041A3E88180067CEFE /* BackgroundColorFeature.swift in Sources */ = {isa = PBXBuildFile; fileRef = E8D950031A3E88180067CEFE /* BackgroundColorFeature.swift */; };
/* End PBXBuildFile section */

/* Begin PBXContainerItemProxy section */
		E8D94FF21A3E85F00067CEFE /* PBXContainerItemProxy */ = {
			isa = PBXContainerItemProxy;
			containerPortal = E8D94FD11A3E85F00067CEFE /* Project object */;
			proxyType = 1;
			remoteGlobalIDString = E8D94FD81A3E85F00067CEFE;
			remoteInfo = TestGit;
		};
/* End PBXContainerItemProxy section */

/* Begin PBXFileReference section */
		E8A51E031A78C198004A3E08 /* TableViewController.swift */ = {isa = PBXFileReference; fileEncoding = 4; lastKnownFileType = sourcecode.swift; path = TableViewController.swift; sourceTree = "<group>"; };
		E8A51E051A78C296004A3E08 /* AnotherTVC.swift */ = {isa = PBXFileReference; fileEncoding = 4; lastKnownFileType = sourcecode.swift; path = AnotherTVC.swift; sourceTree = "<group>"; };
		E8A51E071A78C2E1004A3E08 /* DataSource.swift */ = {isa = PBXFileReference; fileEncoding = 4; lastKnownFileType = sourcecode.swift; name = DataSource.swift; path = ../DataSource.swift; sourceTree = "<group>"; };
		E8D94FD91A3E85F00067CEFE /* TestGit.app */ = {isa = PBXFileReference; explicitFileType = wrapper.application; includeInIndex = 0; path = TestGit.app; sourceTree = BUILT_PRODUCTS_DIR; };
		E8D94FDD1A3E85F00067CEFE /* Info.plist */ = {isa = PBXFileReference; lastKnownFileType = text.plist.xml; path = Info.plist; sourceTree = "<group>"; };
		E8D94FDE1A3E85F00067CEFE /* AppDelegate.swift */ = {isa = PBXFileReference; lastKnownFileType = sourcecode.swift; path = AppDelegate.swift; sourceTree = "<group>"; };
		E8D94FE11A3E85F00067CEFE /* TestGit.xcdatamodel */ = {isa = PBXFileReference; lastKnownFileType = wrapper.xcdatamodel; path = TestGit.xcdatamodel; sourceTree = "<group>"; };
		E8D94FE31A3E85F00067CEFE /* ViewController.swift */ = {isa = PBXFileReference; lastKnownFileType = sourcecode.swift; path = ViewController.swift; sourceTree = "<group>"; };
		E8D94FE61A3E85F00067CEFE /* Base */ = {isa = PBXFileReference; lastKnownFileType = file.storyboard; name = Base; path = Base.lproj/Main.storyboard; sourceTree = "<group>"; };
		E8D94FE81A3E85F00067CEFE /* Images.xcassets */ = {isa = PBXFileReference; lastKnownFileType = folder.assetcatalog; path = Images.xcassets; sourceTree = "<group>"; };
		E8D94FEB1A3E85F00067CEFE /* Base */ = {isa = PBXFileReference; lastKnownFileType = file.xib; name = Base; path = Base.lproj/LaunchScreen.xib; sourceTree = "<group>"; };
		E8D94FF11A3E85F00067CEFE /* TestGitTests.xctest */ = {isa = PBXFileReference; explicitFileType = wrapper.cfbundle; includeInIndex = 0; path = TestGitTests.xctest; sourceTree = BUILT_PRODUCTS_DIR; };
		E8D94FF61A3E85F00067CEFE /* Info.plist */ = {isa = PBXFileReference; lastKnownFileType = text.plist.xml; path = Info.plist; sourceTree = "<group>"; };
		E8D94FF71A3E85F00067CEFE /* TestGitTests.swift */ = {isa = PBXFileReference; lastKnownFileType = sourcecode.swift; path = TestGitTests.swift; sourceTree = "<group>"; };
		E8D950011A3E86600067CEFE /* TitleInserter.swift */ = {isa = PBXFileReference; fileEncoding = 4; lastKnownFileType = sourcecode.swift; path = TitleInserter.swift; sourceTree = "<group>"; };
		E8D950031A3E88180067CEFE /* BackgroundColorFeature.swift */ = {isa = PBXFileReference; fileEncoding = 4; lastKnownFileType = sourcecode.swift; path = BackgroundColorFeature.swift; sourceTree = "<group>"; };
/* End PBXFileReference section */

/* Begin PBXFrameworksBuildPhase section */
		E8D94FD61A3E85F00067CEFE /* Frameworks */ = {
			isa = PBXFrameworksBuildPhase;
			buildActionMask = 2147483647;
			files = (
			);
			runOnlyForDeploymentPostprocessing = 0;
		};
		E8D94FEE1A3E85F00067CEFE /* Frameworks */ = {
			isa = PBXFrameworksBuildPhase;
			buildActionMask = 2147483647;
			files = (
			);
			runOnlyForDeploymentPostprocessing = 0;
		};
/* End PBXFrameworksBuildPhase section */

/* Begin PBXGroup section */
		E8D94FD01A3E85F00067CEFE = {
			isa = PBXGroup;
			children = (
				E8D94FDB1A3E85F00067CEFE /* TestGit */,
				E8D94FF41A3E85F00067CEFE /* TestGitTests */,
				E8D94FDA1A3E85F00067CEFE /* Products */,
			);
			sourceTree = "<group>";
		};
		E8D94FDA1A3E85F00067CEFE /* Products */ = {
			isa = PBXGroup;
			children = (
				E8D94FD91A3E85F00067CEFE /* TestGit.app */,
				E8D94FF11A3E85F00067CEFE /* TestGitTests.xctest */,
			);
			name = Products;
			sourceTree = "<group>";
		};
		E8D94FDB1A3E85F00067CEFE /* TestGit */ = {
			isa = PBXGroup;
			children = (
				E8A51E071A78C2E1004A3E08 /* DataSource.swift */,
				E8D94FDE1A3E85F00067CEFE /* AppDelegate.swift */,
				E8D950011A3E86600067CEFE /* TitleInserter.swift */,
				E8D950031A3E88180067CEFE /* BackgroundColorFeature.swift */,
				E8D94FE31A3E85F00067CEFE /* ViewController.swift */,
				E8A51E031A78C198004A3E08 /* TableViewController.swift */,
				E8A51E051A78C296004A3E08 /* AnotherTVC.swift */,
				E8D94FE51A3E85F00067CEFE /* Main.storyboard */,
				E8D94FE81A3E85F00067CEFE /* Images.xcassets */,
				E8D94FEA1A3E85F00067CEFE /* LaunchScreen.xib */,
				E8D94FE01A3E85F00067CEFE /* TestGit.xcdatamodeld */,
				E8D94FDC1A3E85F00067CEFE /* Supporting Files */,
			);
			path = TestGit;
			sourceTree = "<group>";
		};
		E8D94FDC1A3E85F00067CEFE /* Supporting Files */ = {
			isa = PBXGroup;
			children = (
				E8D94FDD1A3E85F00067CEFE /* Info.plist */,
			);
			name = "Supporting Files";
			sourceTree = "<group>";
		};
		E8D94FF41A3E85F00067CEFE /* TestGitTests */ = {
			isa = PBXGroup;
			children = (
				E8D94FF71A3E85F00067CEFE /* TestGitTests.swift */,
				E8D94FF51A3E85F00067CEFE /* Supporting Files */,
			);
			path = TestGitTests;
			sourceTree = "<group>";
		};
		E8D94FF51A3E85F00067CEFE /* Supporting Files */ = {
			isa = PBXGroup;
			children = (
				E8D94FF61A3E85F00067CEFE /* Info.plist */,
			);
			name = "Supporting Files";
			sourceTree = "<group>";
		};
/* End PBXGroup section */

/* Begin PBXNativeTarget section */
		E8D94FD81A3E85F00067CEFE /* TestGit */ = {
			isa = PBXNativeTarget;
			buildConfigurationList = E8D94FFB1A3E85F00067CEFE /* Build configuration list for PBXNativeTarget "TestGit" */;
			buildPhases = (
				E8D94FD51A3E85F00067CEFE /* Sources */,
				E8D94FD61A3E85F00067CEFE /* Frameworks */,
				E8D94FD71A3E85F00067CEFE /* Resources */,
			);
			buildRules = (
			);
			dependencies = (
			);
			name = TestGit;
			productName = TestGit;
			productReference = E8D94FD91A3E85F00067CEFE /* TestGit.app */;
			productType = "com.apple.product-type.application";
		};
		E8D94FF01A3E85F00067CEFE /* TestGitTests */ = {
			isa = PBXNativeTarget;
			buildConfigurationList = E8D94FFE1A3E85F00067CEFE /* Build configuration list for PBXNativeTarget "TestGitTests" */;
			buildPhases = (
				E8D94FED1A3E85F00067CEFE /* Sources */,
				E8D94FEE1A3E85F00067CEFE /* Frameworks */,
				E8D94FEF1A3E85F00067CEFE /* Resources */,
			);
			buildRules = (
			);
			dependencies = (
				E8D94FF31A3E85F00067CEFE /* PBXTargetDependency */,
			);
			name = TestGitTests;
			productName = TestGitTests;
			productReference = E8D94FF11A3E85F00067CEFE /* TestGitTests.xctest */;
			productType = "com.apple.product-type.bundle.unit-test";
		};
/* End PBXNativeTarget section */

/* Begin PBXProject section */
		E8D94FD11A3E85F00067CEFE /* Project object */ = {
			isa = PBXProject;
			attributes = {
				LastUpgradeCheck = 0620;
				ORGANIZATIONNAME = "Shann M Mehrotra";
				TargetAttributes = {
					E8D94FD81A3E85F00067CEFE = {
						CreatedOnToolsVersion = 6.2;
					};
					E8D94FF01A3E85F00067CEFE = {
						CreatedOnToolsVersion = 6.2;
						TestTargetID = E8D94FD81A3E85F00067CEFE;
					};
				};
			};
			buildConfigurationList = E8D94FD41A3E85F00067CEFE /* Build configuration list for PBXProject "TestGit" */;
			compatibilityVersion = "Xcode 3.2";
			developmentRegion = English;
			hasScannedForEncodings = 0;
			knownRegions = (
				en,
				Base,
			);
			mainGroup = E8D94FD01A3E85F00067CEFE;
			productRefGroup = E8D94FDA1A3E85F00067CEFE /* Products */;
			projectDirPath = "";
			projectRoot = "";
			targets = (
				E8D94FD81A3E85F00067CEFE /* TestGit */,
				E8D94FF01A3E85F00067CEFE /* TestGitTests */,
			);
		};
/* End PBXProject section */

/* Begin PBXResourcesBuildPhase section */
		E8D94FD71A3E85F00067CEFE /* Resources */ = {
			isa = PBXResourcesBuildPhase;
			buildActionMask = 2147483647;
			files = (
				E8D94FE71A3E85F00067CEFE /* Main.storyboard in Resources */,
				E8D94FEC1A3E85F00067CEFE /* LaunchScreen.xib in Resources */,
				E8D94FE91A3E85F00067CEFE /* Images.xcassets in Resources */,
			);
			runOnlyForDeploymentPostprocessing = 0;
		};
		E8D94FEF1A3E85F00067CEFE /* Resources */ = {
			isa = PBXResourcesBuildPhase;
			buildActionMask = 2147483647;
			files = (
			);
			runOnlyForDeploymentPostprocessing = 0;
		};
/* End PBXResourcesBuildPhase section */

/* Begin PBXSourcesBuildPhase section */
		E8D94FD51A3E85F00067CEFE /* Sources */ = {
			isa = PBXSourcesBuildPhase;
			buildActionMask = 2147483647;
			files = (
				E8A51E081A78C2E1004A3E08 /* DataSource.swift in Sources */,
				E8D950041A3E88180067CEFE /* BackgroundColorFeature.swift in Sources */,
				E8A51E041A78C198004A3E08 /* TableViewController.swift in Sources */,
				E8D950021A3E86600067CEFE /* TitleInserter.swift in Sources */,
				E8D94FE41A3E85F00067CEFE /* ViewController.swift in Sources */,
				E8A51E061A78C296004A3E08 /* AnotherTVC.swift in Sources */,
				E8D94FE21A3E85F00067CEFE /* TestGit.xcdatamodeld in Sources */,
				E8D94FDF1A3E85F00067CEFE /* AppDelegate.swift in Sources */,
			);
			runOnlyForDeploymentPostprocessing = 0;
		};
		E8D94FED1A3E85F00067CEFE /* Sources */ = {
			isa = PBXSourcesBuildPhase;
			buildActionMask = 2147483647;
			files = (
				E8D94FF81A3E85F00067CEFE /* TestGitTests.swift in Sources */,
			);
			runOnlyForDeploymentPostprocessing = 0;
		};
/* End PBXSourcesBuildPhase section */

/* Begin PBXTargetDependency section */
		E8D94FF31A3E85F00067CEFE /* PBXTargetDependency */ = {
			isa = PBXTargetDependency;
			target = E8D94FD81A3E85F00067CEFE /* TestGit */;
			targetProxy = E8D94FF21A3E85F00067CEFE /* PBXContainerItemProxy */;
		};
/* End PBXTargetDependency section */

/* Begin PBXVariantGroup section */
		E8D94FE51A3E85F00067CEFE /* Main.storyboard */ = {
			isa = PBXVariantGroup;
			children = (
				E8D94FE61A3E85F00067CEFE /* Base */,
			);
			name = Main.storyboard;
			sourceTree = "<group>";
		};
		E8D94FEA1A3E85F00067CEFE /* LaunchScreen.xib */ = {
			isa = PBXVariantGroup;
			children = (
				E8D94FEB1A3E85F00067CEFE /* Base */,
			);
			name = LaunchScreen.xib;
			sourceTree = "<group>";
		};
/* End PBXVariantGroup section */

/* Begin XCBuildConfiguration section */
		E8D94FF91A3E85F00067CEFE /* Debug */ = {
			isa = XCBuildConfiguration;
			buildSettings = {
				ALWAYS_SEARCH_USER_PATHS = NO;
				CLANG_CXX_LANGUAGE_STANDARD = "gnu++0x";
				CLANG_CXX_LIBRARY = "libc++";
				CLANG_ENABLE_MODULES = YES;
				CLANG_ENABLE_OBJC_ARC = YES;
				CLANG_WARN_BOOL_CONVERSION = YES;
				CLANG_WARN_CONSTANT_CONVERSION = YES;
				CLANG_WARN_DIRECT_OBJC_ISA_USAGE = YES_ERROR;
				CLANG_WARN_EMPTY_BODY = YES;
				CLANG_WARN_ENUM_CONVERSION = YES;
				CLANG_WARN_INT_CONVERSION = YES;
				CLANG_WARN_OBJC_ROOT_CLASS = YES_ERROR;
				CLANG_WARN_UNREACHABLE_CODE = YES;
				CLANG_WARN__DUPLICATE_METHOD_MATCH = YES;
				"CODE_SIGN_IDENTITY[sdk=iphoneos*]" = "iPhone Developer";
				COPY_PHASE_STRIP = NO;
				ENABLE_STRICT_OBJC_MSGSEND = YES;
				GCC_C_LANGUAGE_STANDARD = gnu99;
				GCC_DYNAMIC_NO_PIC = NO;
				GCC_OPTIMIZATION_LEVEL = 0;
				GCC_PREPROCESSOR_DEFINITIONS = (
					"DEBUG=1",
					"$(inherited)",
				);
				GCC_SYMBOLS_PRIVATE_EXTERN = NO;
				GCC_WARN_64_TO_32_BIT_CONVERSION = YES;
				GCC_WARN_ABOUT_RETURN_TYPE = YES_ERROR;
				GCC_WARN_UNDECLARED_SELECTOR = YES;
				GCC_WARN_UNINITIALIZED_AUTOS = YES_AGGRESSIVE;
				GCC_WARN_UNUSED_FUNCTION = YES;
				GCC_WARN_UNUSED_VARIABLE = YES;
				IPHONEOS_DEPLOYMENT_TARGET = 8.2;
				MTL_ENABLE_DEBUG_INFO = YES;
				ONLY_ACTIVE_ARCH = YES;
				SDKROOT = iphoneos;
				SWIFT_OPTIMIZATION_LEVEL = "-Onone";
				TARGETED_DEVICE_FAMILY = "1,2";
			};
			name = Debug;
		};
		E8D94FFA1A3E85F00067CEFE /* Release */ = {
			isa = XCBuildConfiguration;
			buildSettings = {
				ALWAYS_SEARCH_USER_PATHS = NO;
				CLANG_CXX_LANGUAGE_STANDARD = "gnu++0x";
				CLANG_CXX_LIBRARY = "libc++";
				CLANG_ENABLE_MODULES = YES;
				CLANG_ENABLE_OBJC_ARC = YES;
				CLANG_WARN_BOOL_CONVERSION = YES;
				CLANG_WARN_CONSTANT_CONVERSION = YES;
				CLANG_WARN_DIRECT_OBJC_ISA_USAGE = YES_ERROR;
				CLANG_WARN_EMPTY_BODY = YES;
				CLANG_WARN_ENUM_CONVERSION = YES;
				CLANG_WARN_INT_CONVERSION = YES;
				CLANG_WARN_OBJC_ROOT_CLASS = YES_ERROR;
				CLANG_WARN_UNREACHABLE_CODE = YES;
				CLANG_WARN__DUPLICATE_METHOD_MATCH = YES;
				"CODE_SIGN_IDENTITY[sdk=iphoneos*]" = "iPhone Developer";
				COPY_PHASE_STRIP = YES;
				ENABLE_NS_ASSERTIONS = NO;
				ENABLE_STRICT_OBJC_MSGSEND = YES;
				GCC_C_LANGUAGE_STANDARD = gnu99;
				GCC_WARN_64_TO_32_BIT_CONVERSION = YES;
				GCC_WARN_ABOUT_RETURN_TYPE = YES_ERROR;
				GCC_WARN_UNDECLARED_SELECTOR = YES;
				GCC_WARN_UNINITIALIZED_AUTOS = YES_AGGRESSIVE;
				GCC_WARN_UNUSED_FUNCTION = YES;
				GCC_WARN_UNUSED_VARIABLE = YES;
				IPHONEOS_DEPLOYMENT_TARGET = 8.2;
				MTL_ENABLE_DEBUG_INFO = NO;
				SDKROOT = iphoneos;
				TARGETED_DEVICE_FAMILY = "1,2";
				VALIDATE_PRODUCT = YES;
			};
			name = Release;
		};
		E8D94FFC1A3E85F00067CEFE /* Debug */ = {
			isa = XCBuildConfiguration;
			buildSettings = {
				ASSETCATALOG_COMPILER_APPICON_NAME = AppIcon;
				INFOPLIST_FILE = TestGit/Info.plist;
				LD_RUNPATH_SEARCH_PATHS = "$(inherited) @executable_path/Frameworks";
				PRODUCT_NAME = "$(TARGET_NAME)";
			};
			name = Debug;
		};
		E8D94FFD1A3E85F00067CEFE /* Release */ = {
			isa = XCBuildConfiguration;
			buildSettings = {
				ASSETCATALOG_COMPILER_APPICON_NAME = AppIcon;
				INFOPLIST_FILE = TestGit/Info.plist;
				LD_RUNPATH_SEARCH_PATHS = "$(inherited) @executable_path/Frameworks";
				PRODUCT_NAME = "$(TARGET_NAME)";
			};
			name = Release;
		};
		E8D94FFF1A3E85F00067CEFE /* Debug */ = {
			isa = XCBuildConfiguration;
			buildSettings = {
				BUNDLE_LOADER = "$(TEST_HOST)";
				FRAMEWORK_SEARCH_PATHS = (
					"$(SDKROOT)/Developer/Library/Frameworks",
					"$(inherited)",
				);
				GCC_PREPROCESSOR_DEFINITIONS = (
					"DEBUG=1",
					"$(inherited)",
				);
				INFOPLIST_FILE = TestGitTests/Info.plist;
				LD_RUNPATH_SEARCH_PATHS = "$(inherited) @executable_path/Frameworks @loader_path/Frameworks";
				PRODUCT_NAME = "$(TARGET_NAME)";
				TEST_HOST = "$(BUILT_PRODUCTS_DIR)/TestGit.app/TestGit";
			};
			name = Debug;
		};
		E8D950001A3E85F00067CEFE /* Release */ = {
			isa = XCBuildConfiguration;
			buildSettings = {
				BUNDLE_LOADER = "$(TEST_HOST)";
				FRAMEWORK_SEARCH_PATHS = (
					"$(SDKROOT)/Developer/Library/Frameworks",
					"$(inherited)",
				);
				INFOPLIST_FILE = TestGitTests/Info.plist;
				LD_RUNPATH_SEARCH_PATHS = "$(inherited) @executable_path/Frameworks @loader_path/Frameworks";
				PRODUCT_NAME = "$(TARGET_NAME)";
				TEST_HOST = "$(BUILT_PRODUCTS_DIR)/TestGit.app/TestGit";
			};
			name = Release;
		};
/* End XCBuildConfiguration section */

/* Begin XCConfigurationList section */
		E8D94FD41A3E85F00067CEFE /* Build configuration list for PBXProject "TestGit" */ = {
			isa = XCConfigurationList;
			buildConfigurations = (
				E8D94FF91A3E85F00067CEFE /* Debug */,
				E8D94FFA1A3E85F00067CEFE /* Release */,
			);
			defaultConfigurationIsVisible = 0;
			defaultConfigurationName = Release;
		};
		E8D94FFB1A3E85F00067CEFE /* Build configuration list for PBXNativeTarget "TestGit" */ = {
			isa = XCConfigurationList;
			buildConfigurations = (
				E8D94FFC1A3E85F00067CEFE /* Debug */,
				E8D94FFD1A3E85F00067CEFE /* Release */,
			);
			defaultConfigurationIsVisible = 0;
			defaultConfigurationName = Release;
		};
		E8D94FFE1A3E85F00067CEFE /* Build configuration list for PBXNativeTarget "TestGitTests" */ = {
			isa = XCConfigurationList;
			buildConfigurations = (
				E8D94FFF1A3E85F00067CEFE /* Debug */,
				E8D950001A3E85F00067CEFE /* Release */,
			);
			defaultConfigurationIsVisible = 0;
			defaultConfigurationName = Release;
		};
/* End XCConfigurationList section */

/* Begin XCVersionGroup section */
		E8D94FE01A3E85F00067CEFE /* TestGit.xcdatamodeld */ = {
			isa = XCVersionGroup;
			children = (
				E8D94FE11A3E85F00067CEFE /* TestGit.xcdatamodel */,
			);
			currentVersion = E8D94FE11A3E85F00067CEFE /* TestGit.xcdatamodel */;
			path = TestGit.xcdatamodeld;
			sourceTree = "<group>";
			versionGroupType = wrapper.xcdatamodel;
		};
/* End XCVersionGroup section */
	};
	rootObject = E8D94FD11A3E85F00067CEFE /* Project object */;
}
